
Microsoft Visual Studio Solution File, Format Version 12.00
# Visual Studio Version 16
VisualStudioVersion = 16.0.30804.86
MinimumVisualStudioVersion = 10.0.40219.1
Project("{9A19103F-16F7-4668-BE54-9A1E7A4F7556}") = "Get-Projekat", "Get-Projekat.csproj", "{E50717D2-DB90-4B6A-B051-97E89CAFD19C}"
EndProject
Project("{FAE04EC0-301F-11D3-BF4B-00C04F79EFBC}") = "Get-Projekat.Test", "..\Get-Projekat.Test\Get-Projekat.Test.csproj", "{B42965AE-F73F-4A38-B03B-F7D38F54FA4A}"
EndProject
Global
	GlobalSection(SolutionConfigurationPlatforms) = preSolution
		Debug|Any CPU = Debug|Any CPU
		Release|Any CPU = Release|Any CPU
	EndGlobalSection
	GlobalSection(ProjectConfigurationPlatforms) = postSolution
		{E50717D2-DB90-4B6A-B051-97E89CAFD19C}.Debug|Any CPU.ActiveCfg = Debug|Any CPU
		{E50717D2-DB90-4B6A-B051-97E89CAFD19C}.Debug|Any CPU.Build.0 = Debug|Any CPU
		{E50717D2-DB90-4B6A-B051-97E89CAFD19C}.Release|Any CPU.ActiveCfg = Release|Any CPU
		{E50717D2-DB90-4B6A-B051-97E89CAFD19C}.Release|Any CPU.Build.0 = Release|Any CPU
		{B42965AE-F73F-4A38-B03B-F7D38F54FA4A}.Debug|Any CPU.ActiveCfg = Debug|Any CPU
		{B42965AE-F73F-4A38-B03B-F7D38F54FA4A}.Debug|Any CPU.Build.0 = Debug|Any CPU
		{B42965AE-F73F-4A38-B03B-F7D38F54FA4A}.Release|Any CPU.ActiveCfg = Release|Any CPU
		{B42965AE-F73F-4A38-B03B-F7D38F54FA4A}.Release|Any CPU.Build.0 = Release|Any CPU
	EndGlobalSection
	GlobalSection(SolutionProperties) = preSolution
		HideSolutionNode = FALSE
	EndGlobalSection
	GlobalSection(ExtensibilityGlobals) = postSolution
		SolutionGuid = {AD2125D8-3A54-43E0-A658-5ADB6C0C0F7E}
	EndGlobalSection
EndGlobal
